
Microsoft Visual Studio Solution File, Format Version 12.00
# Visual Studio Version 17
VisualStudioVersion = 17.4.33213.308
MinimumVisualStudioVersion = 10.0.40219.1
Project("{9A19103F-16F7-4668-BE54-9A1E7A4F7556}") = "PizzaMtaani.API", "PizzaMtaaniAPI\PizzaMtaani.API.csproj", "{093F7A9B-793B-452E-9DE0-FA46D58828B2}"
EndProject
Project("{9A19103F-16F7-4668-BE54-9A1E7A4F7556}") = "PizzaMtaani.Domain", "PizzaMtaani.Domain\PizzaMtaani.Domain.csproj", "{BB505B6F-4308-4DED-924B-3FF6F7304C7C}"
EndProject
Project("{9A19103F-16F7-4668-BE54-9A1E7A4F7556}") = "PizzaMtaani.Infrastructure", "PizzaMtaani.Infrastructure\PizzaMtaani.Infrastructure.csproj", "{C2DA34C1-5301-40E9-A021-88BB22DF4E47}"
EndProject
Project("{9A19103F-16F7-4668-BE54-9A1E7A4F7556}") = "PizzaMtaani.Application", "PizzaMtaani.Application\PizzaMtaani.Application.csproj", "{7E02B871-261A-4AC7-B449-2E7FA56BF984}"
EndProject
Global
	GlobalSection(SolutionConfigurationPlatforms) = preSolution
		Debug|Any CPU = Debug|Any CPU
		Release|Any CPU = Release|Any CPU
	EndGlobalSection
	GlobalSection(ProjectConfigurationPlatforms) = postSolution
		{093F7A9B-793B-452E-9DE0-FA46D58828B2}.Debug|Any CPU.ActiveCfg = Debug|Any CPU
		{093F7A9B-793B-452E-9DE0-FA46D58828B2}.Debug|Any CPU.Build.0 = Debug|Any CPU
		{093F7A9B-793B-452E-9DE0-FA46D58828B2}.Release|Any CPU.ActiveCfg = Release|Any CPU
		{093F7A9B-793B-452E-9DE0-FA46D58828B2}.Release|Any CPU.Build.0 = Release|Any CPU
		{BB505B6F-4308-4DED-924B-3FF6F7304C7C}.Debug|Any CPU.ActiveCfg = Debug|Any CPU
		{BB505B6F-4308-4DED-924B-3FF6F7304C7C}.Debug|Any CPU.Build.0 = Debug|Any CPU
		{BB505B6F-4308-4DED-924B-3FF6F7304C7C}.Release|Any CPU.ActiveCfg = Release|Any CPU
		{BB505B6F-4308-4DED-924B-3FF6F7304C7C}.Release|Any CPU.Build.0 = Release|Any CPU
		{C2DA34C1-5301-40E9-A021-88BB22DF4E47}.Debug|Any CPU.ActiveCfg = Debug|Any CPU
		{C2DA34C1-5301-40E9-A021-88BB22DF4E47}.Debug|Any CPU.Build.0 = Debug|Any CPU
		{C2DA34C1-5301-40E9-A021-88BB22DF4E47}.Release|Any CPU.ActiveCfg = Release|Any CPU
		{C2DA34C1-5301-40E9-A021-88BB22DF4E47}.Release|Any CPU.Build.0 = Release|Any CPU
		{7E02B871-261A-4AC7-B449-2E7FA56BF984}.Debug|Any CPU.ActiveCfg = Debug|Any CPU
		{7E02B871-261A-4AC7-B449-2E7FA56BF984}.Debug|Any CPU.Build.0 = Debug|Any CPU
		{7E02B871-261A-4AC7-B449-2E7FA56BF984}.Release|Any CPU.ActiveCfg = Release|Any CPU
		{7E02B871-261A-4AC7-B449-2E7FA56BF984}.Release|Any CPU.Build.0 = Release|Any CPU
	EndGlobalSection
	GlobalSection(SolutionProperties) = preSolution
		HideSolutionNode = FALSE
	EndGlobalSection
	GlobalSection(ExtensibilityGlobals) = postSolution
		SolutionGuid = {D3571880-9C22-41CC-80BE-C4D95450A178}
	EndGlobalSection
EndGlobal
